
Microsoft Visual Studio Solution File, Format Version 12.00
# Visual Studio Version 16
VisualStudioVersion = 16.0.28803.352
MinimumVisualStudioVersion = 10.0.40219.1
Project("{FAE04EC0-301F-11D3-BF4B-00C04F79EFBC}") = "Lesson4_HW_Task1", "Lesson4_HW_Task1\Lesson4_HW_Task1.csproj", "{014F4785-8C68-498A-900C-2A9BDFCE8E55}"
EndProject
Global
	GlobalSection(SolutionConfigurationPlatforms) = preSolution
		Debug|Any CPU = Debug|Any CPU
		Release|Any CPU = Release|Any CPU
	EndGlobalSection
	GlobalSection(ProjectConfigurationPlatforms) = postSolution
		{014F4785-8C68-498A-900C-2A9BDFCE8E55}.Debug|Any CPU.ActiveCfg = Debug|Any CPU
		{014F4785-8C68-498A-900C-2A9BDFCE8E55}.Debug|Any CPU.Build.0 = Debug|Any CPU
		{014F4785-8C68-498A-900C-2A9BDFCE8E55}.Release|Any CPU.ActiveCfg = Release|Any CPU
		{014F4785-8C68-498A-900C-2A9BDFCE8E55}.Release|Any CPU.Build.0 = Release|Any CPU
	EndGlobalSection
	GlobalSection(SolutionProperties) = preSolution
		HideSolutionNode = FALSE
	EndGlobalSection
	GlobalSection(ExtensibilityGlobals) = postSolution
		SolutionGuid = {4018D2E0-91D1-4F77-9E08-65B1318A577D}
	EndGlobalSection
EndGlobal
